
Microsoft Visual Studio Solution File, Format Version 12.00
# Visual Studio Version 17
VisualStudioVersion = 17.10.35013.160
MinimumVisualStudioVersion = 10.0.40219.1
Project("{FAE04EC0-301F-11D3-BF4B-00C04F79EFBC}") = "UnitOfWorkPattern", "UnitOfWorkPattern\UnitOfWorkPattern.csproj", "{17D96784-450D-41A7-BA74-CF648CAB9510}"
EndProject
Global
	GlobalSection(SolutionConfigurationPlatforms) = preSolution
		Debug|Any CPU = Debug|Any CPU
		Release|Any CPU = Release|Any CPU
	EndGlobalSection
	GlobalSection(ProjectConfigurationPlatforms) = postSolution
		{17D96784-450D-41A7-BA74-CF648CAB9510}.Debug|Any CPU.ActiveCfg = Debug|Any CPU
		{17D96784-450D-41A7-BA74-CF648CAB9510}.Debug|Any CPU.Build.0 = Debug|Any CPU
		{17D96784-450D-41A7-BA74-CF648CAB9510}.Release|Any CPU.ActiveCfg = Release|Any CPU
		{17D96784-450D-41A7-BA74-CF648CAB9510}.Release|Any CPU.Build.0 = Release|Any CPU
	EndGlobalSection
	GlobalSection(SolutionProperties) = preSolution
		HideSolutionNode = FALSE
	EndGlobalSection
	GlobalSection(ExtensibilityGlobals) = postSolution
		SolutionGuid = {C2858217-78E6-4B34-94E8-B99881FF8798}
	EndGlobalSection
EndGlobal
